
Microsoft Visual Studio Solution File, Format Version 12.00
# Visual Studio 2013
VisualStudioVersion = 12.0.31101.0
MinimumVisualStudioVersion = 10.0.40219.1
Project("{FAE04EC0-301F-11D3-BF4B-00C04F79EFBC}") = "HDFapp", "HDFapp\HDFapp\HDFapp.csproj", "{8F72A659-BB5D-4B68-A70C-AF3F98E8C61A}"
EndProject
Project("{FAE04EC0-301F-11D3-BF4B-00C04F79EFBC}") = "HDFapp.Droid", "HDFapp\HDFapp.Droid\HDFapp.Droid.csproj", "{898232FA-6AE1-41F5-A973-36F8E0F83E0B}"
EndProject
Project("{FAE04EC0-301F-11D3-BF4B-00C04F79EFBC}") = "HDFapp.iOS", "HDFapp\HDFapp.iOS\HDFapp.iOS.csproj", "{D20DDC99-7D6D-42D6-A670-0B430DF770CD}"
EndProject
Global
	GlobalSection(SolutionConfigurationPlatforms) = preSolution
		Ad-Hoc|Any CPU = Ad-Hoc|Any CPU
		Ad-Hoc|ARM = Ad-Hoc|ARM
		Ad-Hoc|iPhone = Ad-Hoc|iPhone
		Ad-Hoc|iPhoneSimulator = Ad-Hoc|iPhoneSimulator
		Ad-Hoc|Mixed Platforms = Ad-Hoc|Mixed Platforms
		Ad-Hoc|x64 = Ad-Hoc|x64
		Ad-Hoc|x86 = Ad-Hoc|x86
		AppStore|Any CPU = AppStore|Any CPU
		AppStore|ARM = AppStore|ARM
		AppStore|iPhone = AppStore|iPhone
		AppStore|iPhoneSimulator = AppStore|iPhoneSimulator
		AppStore|Mixed Platforms = AppStore|Mixed Platforms
		AppStore|x64 = AppStore|x64
		AppStore|x86 = AppStore|x86
		Debug|Any CPU = Debug|Any CPU
		Debug|ARM = Debug|ARM
		Debug|iPhone = Debug|iPhone
		Debug|iPhoneSimulator = Debug|iPhoneSimulator
		Debug|Mixed Platforms = Debug|Mixed Platforms
		Debug|x64 = Debug|x64
		Debug|x86 = Debug|x86
		Release|Any CPU = Release|Any CPU
		Release|ARM = Release|ARM
		Release|iPhone = Release|iPhone
		Release|iPhoneSimulator = Release|iPhoneSimulator
		Release|Mixed Platforms = Release|Mixed Platforms
		Release|x64 = Release|x64
		Release|x86 = Release|x86
	EndGlobalSection
	GlobalSection(ProjectConfigurationPlatforms) = postSolution
		{8F72A659-BB5D-4B68-A70C-AF3F98E8C61A}.Ad-Hoc|Any CPU.ActiveCfg = Release|Any CPU
		{8F72A659-BB5D-4B68-A70C-AF3F98E8C61A}.Ad-Hoc|Any CPU.Build.0 = Release|Any CPU
		{8F72A659-BB5D-4B68-A70C-AF3F98E8C61A}.Ad-Hoc|ARM.ActiveCfg = Release|Any CPU
		{8F72A659-BB5D-4B68-A70C-AF3F98E8C61A}.Ad-Hoc|iPhone.ActiveCfg = Release|Any CPU
		{8F72A659-BB5D-4B68-A70C-AF3F98E8C61A}.Ad-Hoc|iPhoneSimulator.ActiveCfg = Release|Any CPU
		{8F72A659-BB5D-4B68-A70C-AF3F98E8C61A}.Ad-Hoc|Mixed Platforms.ActiveCfg = Release|Any CPU
		{8F72A659-BB5D-4B68-A70C-AF3F98E8C61A}.Ad-Hoc|Mixed Platforms.Build.0 = Release|Any CPU
		{8F72A659-BB5D-4B68-A70C-AF3F98E8C61A}.Ad-Hoc|x64.ActiveCfg = Release|Any CPU
		{8F72A659-BB5D-4B68-A70C-AF3F98E8C61A}.Ad-Hoc|x86.ActiveCfg = Release|Any CPU
		{8F72A659-BB5D-4B68-A70C-AF3F98E8C61A}.AppStore|Any CPU.ActiveCfg = Release|Any CPU
		{8F72A659-BB5D-4B68-A70C-AF3F98E8C61A}.AppStore|Any CPU.Build.0 = Release|Any CPU
		{8F72A659-BB5D-4B68-A70C-AF3F98E8C61A}.AppStore|ARM.ActiveCfg = Release|Any CPU
		{8F72A659-BB5D-4B68-A70C-AF3F98E8C61A}.AppStore|iPhone.ActiveCfg = Release|Any CPU
		{8F72A659-BB5D-4B68-A70C-AF3F98E8C61A}.AppStore|iPhoneSimulator.ActiveCfg = Release|Any CPU
		{8F72A659-BB5D-4B68-A70C-AF3F98E8C61A}.AppStore|Mixed Platforms.ActiveCfg = Release|Any CPU
		{8F72A659-BB5D-4B68-A70C-AF3F98E8C61A}.AppStore|Mixed Platforms.Build.0 = Release|Any CPU
		{8F72A659-BB5D-4B68-A70C-AF3F98E8C61A}.AppStore|x64.ActiveCfg = Release|Any CPU
		{8F72A659-BB5D-4B68-A70C-AF3F98E8C61A}.AppStore|x86.ActiveCfg = Release|Any CPU
		{8F72A659-BB5D-4B68-A70C-AF3F98E8C61A}.Debug|Any CPU.ActiveCfg = Debug|Any CPU
		{8F72A659-BB5D-4B68-A70C-AF3F98E8C61A}.Debug|Any CPU.Build.0 = Debug|Any CPU
		{8F72A659-BB5D-4B68-A70C-AF3F98E8C61A}.Debug|ARM.ActiveCfg = Debug|Any CPU
		{8F72A659-BB5D-4B68-A70C-AF3F98E8C61A}.Debug|iPhone.ActiveCfg = Debug|Any CPU
		{8F72A659-BB5D-4B68-A70C-AF3F98E8C61A}.Debug|iPhoneSimulator.ActiveCfg = Debug|Any CPU
		{8F72A659-BB5D-4B68-A70C-AF3F98E8C61A}.Debug|Mixed Platforms.ActiveCfg = Debug|Any CPU
		{8F72A659-BB5D-4B68-A70C-AF3F98E8C61A}.Debug|Mixed Platforms.Build.0 = Debug|Any CPU
		{8F72A659-BB5D-4B68-A70C-AF3F98E8C61A}.Debug|x64.ActiveCfg = Debug|Any CPU
		{8F72A659-BB5D-4B68-A70C-AF3F98E8C61A}.Debug|x86.ActiveCfg = Debug|Any CPU
		{8F72A659-BB5D-4B68-A70C-AF3F98E8C61A}.Release|Any CPU.ActiveCfg = Release|Any CPU
		{8F72A659-BB5D-4B68-A70C-AF3F98E8C61A}.Release|Any CPU.Build.0 = Release|Any CPU
		{8F72A659-BB5D-4B68-A70C-AF3F98E8C61A}.Release|ARM.ActiveCfg = Release|Any CPU
		{8F72A659-BB5D-4B68-A70C-AF3F98E8C61A}.Release|iPhone.ActiveCfg = Release|Any CPU
		{8F72A659-BB5D-4B68-A70C-AF3F98E8C61A}.Release|iPhoneSimulator.ActiveCfg = Release|Any CPU
		{8F72A659-BB5D-4B68-A70C-AF3F98E8C61A}.Release|Mixed Platforms.ActiveCfg = Release|Any CPU
		{8F72A659-BB5D-4B68-A70C-AF3F98E8C61A}.Release|Mixed Platforms.Build.0 = Release|Any CPU
		{8F72A659-BB5D-4B68-A70C-AF3F98E8C61A}.Release|x64.ActiveCfg = Release|Any CPU
		{8F72A659-BB5D-4B68-A70C-AF3F98E8C61A}.Release|x86.ActiveCfg = Release|Any CPU
		{898232FA-6AE1-41F5-A973-36F8E0F83E0B}.Ad-Hoc|Any CPU.ActiveCfg = Release|Any CPU
		{898232FA-6AE1-41F5-A973-36F8E0F83E0B}.Ad-Hoc|Any CPU.Build.0 = Release|Any CPU
		{898232FA-6AE1-41F5-A973-36F8E0F83E0B}.Ad-Hoc|Any CPU.Deploy.0 = Release|Any CPU
		{898232FA-6AE1-41F5-A973-36F8E0F83E0B}.Ad-Hoc|ARM.ActiveCfg = Release|Any CPU
		{898232FA-6AE1-41F5-A973-36F8E0F83E0B}.Ad-Hoc|iPhone.ActiveCfg = Release|Any CPU
		{898232FA-6AE1-41F5-A973-36F8E0F83E0B}.Ad-Hoc|iPhoneSimulator.ActiveCfg = Release|Any CPU
		{898232FA-6AE1-41F5-A973-36F8E0F83E0B}.Ad-Hoc|Mixed Platforms.ActiveCfg = Release|Any CPU
		{898232FA-6AE1-41F5-A973-36F8E0F83E0B}.Ad-Hoc|Mixed Platforms.Build.0 = Release|Any CPU
		{898232FA-6AE1-41F5-A973-36F8E0F83E0B}.Ad-Hoc|Mixed Platforms.Deploy.0 = Release|Any CPU
		{898232FA-6AE1-41F5-A973-36F8E0F83E0B}.Ad-Hoc|x64.ActiveCfg = Release|Any CPU
		{898232FA-6AE1-41F5-A973-36F8E0F83E0B}.Ad-Hoc|x86.ActiveCfg = Release|Any CPU
		{898232FA-6AE1-41F5-A973-36F8E0F83E0B}.AppStore|Any CPU.ActiveCfg = Release|Any CPU
		{898232FA-6AE1-41F5-A973-36F8E0F83E0B}.AppStore|Any CPU.Build.0 = Release|Any CPU
		{898232FA-6AE1-41F5-A973-36F8E0F83E0B}.AppStore|Any CPU.Deploy.0 = Release|Any CPU
		{898232FA-6AE1-41F5-A973-36F8E0F83E0B}.AppStore|ARM.ActiveCfg = Release|Any CPU
		{898232FA-6AE1-41F5-A973-36F8E0F83E0B}.AppStore|iPhone.ActiveCfg = Release|Any CPU
		{898232FA-6AE1-41F5-A973-36F8E0F83E0B}.AppStore|iPhoneSimulator.ActiveCfg = Release|Any CPU
		{898232FA-6AE1-41F5-A973-36F8E0F83E0B}.AppStore|Mixed Platforms.ActiveCfg = Release|Any CPU
		{898232FA-6AE1-41F5-A973-36F8E0F83E0B}.AppStore|Mixed Platforms.Build.0 = Release|Any CPU
		{898232FA-6AE1-41F5-A973-36F8E0F83E0B}.AppStore|Mixed Platforms.Deploy.0 = Release|Any CPU
		{898232FA-6AE1-41F5-A973-36F8E0F83E0B}.AppStore|x64.ActiveCfg = Release|Any CPU
		{898232FA-6AE1-41F5-A973-36F8E0F83E0B}.AppStore|x86.ActiveCfg = Release|Any CPU
		{898232FA-6AE1-41F5-A973-36F8E0F83E0B}.Debug|Any CPU.ActiveCfg = Debug|Any CPU
		{898232FA-6AE1-41F5-A973-36F8E0F83E0B}.Debug|Any CPU.Build.0 = Debug|Any CPU
		{898232FA-6AE1-41F5-A973-36F8E0F83E0B}.Debug|Any CPU.Deploy.0 = Debug|Any CPU
		{898232FA-6AE1-41F5-A973-36F8E0F83E0B}.Debug|ARM.ActiveCfg = Debug|Any CPU
		{898232FA-6AE1-41F5-A973-36F8E0F83E0B}.Debug|iPhone.ActiveCfg = Debug|Any CPU
		{898232FA-6AE1-41F5-A973-36F8E0F83E0B}.Debug|iPhoneSimulator.ActiveCfg = Debug|Any CPU
		{898232FA-6AE1-41F5-A973-36F8E0F83E0B}.Debug|Mixed Platforms.ActiveCfg = Debug|Any CPU
		{898232FA-6AE1-41F5-A973-36F8E0F83E0B}.Debug|Mixed Platforms.Build.0 = Debug|Any CPU
		{898232FA-6AE1-41F5-A973-36F8E0F83E0B}.Debug|Mixed Platforms.Deploy.0 = Debug|Any CPU
		{898232FA-6AE1-41F5-A973-36F8E0F83E0B}.Debug|x64.ActiveCfg = Debug|Any CPU
		{898232FA-6AE1-41F5-A973-36F8E0F83E0B}.Debug|x86.ActiveCfg = Debug|Any CPU
		{898232FA-6AE1-41F5-A973-36F8E0F83E0B}.Release|Any CPU.ActiveCfg = Release|Any CPU
		{898232FA-6AE1-41F5-A973-36F8E0F83E0B}.Release|Any CPU.Build.0 = Release|Any CPU
		{898232FA-6AE1-41F5-A973-36F8E0F83E0B}.Release|Any CPU.Deploy.0 = Release|Any CPU
		{898232FA-6AE1-41F5-A973-36F8E0F83E0B}.Release|ARM.ActiveCfg = Release|Any CPU
		{898232FA-6AE1-41F5-A973-36F8E0F83E0B}.Release|iPhone.ActiveCfg = Release|Any CPU
		{898232FA-6AE1-41F5-A973-36F8E0F83E0B}.Release|iPhoneSimulator.ActiveCfg = Release|Any CPU
		{898232FA-6AE1-41F5-A973-36F8E0F83E0B}.Release|Mixed Platforms.ActiveCfg = Release|Any CPU
		{898232FA-6AE1-41F5-A973-36F8E0F83E0B}.Release|Mixed Platforms.Build.0 = Release|Any CPU
		{898232FA-6AE1-41F5-A973-36F8E0F83E0B}.Release|Mixed Platforms.Deploy.0 = Release|Any CPU
		{898232FA-6AE1-41F5-A973-36F8E0F83E0B}.Release|x64.ActiveCfg = Release|Any CPU
		{898232FA-6AE1-41F5-A973-36F8E0F83E0B}.Release|x86.ActiveCfg = Release|Any CPU
		{D20DDC99-7D6D-42D6-A670-0B430DF770CD}.Ad-Hoc|Any CPU.ActiveCfg = Ad-Hoc|iPhone
		{D20DDC99-7D6D-42D6-A670-0B430DF770CD}.Ad-Hoc|ARM.ActiveCfg = Ad-Hoc|iPhone
		{D20DDC99-7D6D-42D6-A670-0B430DF770CD}.Ad-Hoc|iPhone.ActiveCfg = Ad-Hoc|iPhone
		{D20DDC99-7D6D-42D6-A670-0B430DF770CD}.Ad-Hoc|iPhone.Build.0 = Ad-Hoc|iPhone
		{D20DDC99-7D6D-42D6-A670-0B430DF770CD}.Ad-Hoc|iPhoneSimulator.ActiveCfg = Ad-Hoc|iPhoneSimulator
		{D20DDC99-7D6D-42D6-A670-0B430DF770CD}.Ad-Hoc|iPhoneSimulator.Build.0 = Ad-Hoc|iPhoneSimulator
		{D20DDC99-7D6D-42D6-A670-0B430DF770CD}.Ad-Hoc|Mixed Platforms.ActiveCfg = Ad-Hoc|iPhone
		{D20DDC99-7D6D-42D6-A670-0B430DF770CD}.Ad-Hoc|Mixed Platforms.Build.0 = Ad-Hoc|iPhone
		{D20DDC99-7D6D-42D6-A670-0B430DF770CD}.Ad-Hoc|x64.ActiveCfg = Ad-Hoc|iPhone
		{D20DDC99-7D6D-42D6-A670-0B430DF770CD}.Ad-Hoc|x86.ActiveCfg = Ad-Hoc|iPhone
		{D20DDC99-7D6D-42D6-A670-0B430DF770CD}.AppStore|Any CPU.ActiveCfg = AppStore|iPhone
		{D20DDC99-7D6D-42D6-A670-0B430DF770CD}.AppStore|ARM.ActiveCfg = AppStore|iPhone
		{D20DDC99-7D6D-42D6-A670-0B430DF770CD}.AppStore|iPhone.ActiveCfg = AppStore|iPhone
		{D20DDC99-7D6D-42D6-A670-0B430DF770CD}.AppStore|iPhone.Build.0 = AppStore|iPhone
		{D20DDC99-7D6D-42D6-A670-0B430DF770CD}.AppStore|iPhoneSimulator.ActiveCfg = AppStore|iPhoneSimulator
		{D20DDC99-7D6D-42D6-A670-0B430DF770CD}.AppStore|iPhoneSimulator.Build.0 = AppStore|iPhoneSimulator
		{D20DDC99-7D6D-42D6-A670-0B430DF770CD}.AppStore|Mixed Platforms.ActiveCfg = AppStore|iPhone
		{D20DDC99-7D6D-42D6-A670-0B430DF770CD}.AppStore|Mixed Platforms.Build.0 = AppStore|iPhone
		{D20DDC99-7D6D-42D6-A670-0B430DF770CD}.AppStore|x64.ActiveCfg = AppStore|iPhone
		{D20DDC99-7D6D-42D6-A670-0B430DF770CD}.AppStore|x86.ActiveCfg = AppStore|iPhone
		{D20DDC99-7D6D-42D6-A670-0B430DF770CD}.Debug|Any CPU.ActiveCfg = Debug|iPhone
		{D20DDC99-7D6D-42D6-A670-0B430DF770CD}.Debug|ARM.ActiveCfg = Debug|iPhone
		{D20DDC99-7D6D-42D6-A670-0B430DF770CD}.Debug|iPhone.ActiveCfg = Debug|iPhone
		{D20DDC99-7D6D-42D6-A670-0B430DF770CD}.Debug|iPhone.Build.0 = Debug|iPhone
		{D20DDC99-7D6D-42D6-A670-0B430DF770CD}.Debug|iPhoneSimulator.ActiveCfg = Debug|iPhoneSimulator
		{D20DDC99-7D6D-42D6-A670-0B430DF770CD}.Debug|iPhoneSimulator.Build.0 = Debug|iPhoneSimulator
		{D20DDC99-7D6D-42D6-A670-0B430DF770CD}.Debug|Mixed Platforms.ActiveCfg = Debug|iPhone
		{D20DDC99-7D6D-42D6-A670-0B430DF770CD}.Debug|Mixed Platforms.Build.0 = Debug|iPhone
		{D20DDC99-7D6D-42D6-A670-0B430DF770CD}.Debug|x64.ActiveCfg = Debug|iPhone
		{D20DDC99-7D6D-42D6-A670-0B430DF770CD}.Debug|x86.ActiveCfg = Debug|iPhone
		{D20DDC99-7D6D-42D6-A670-0B430DF770CD}.Release|Any CPU.ActiveCfg = Release|iPhone
		{D20DDC99-7D6D-42D6-A670-0B430DF770CD}.Release|ARM.ActiveCfg = Release|iPhone
		{D20DDC99-7D6D-42D6-A670-0B430DF770CD}.Release|iPhone.ActiveCfg = Release|iPhone
		{D20DDC99-7D6D-42D6-A670-0B430DF770CD}.Release|iPhone.Build.0 = Release|iPhone
		{D20DDC99-7D6D-42D6-A670-0B430DF770CD}.Release|iPhoneSimulator.ActiveCfg = Release|iPhoneSimulator
		{D20DDC99-7D6D-42D6-A670-0B430DF770CD}.Release|iPhoneSimulator.Build.0 = Release|iPhoneSimulator
		{D20DDC99-7D6D-42D6-A670-0B430DF770CD}.Release|Mixed Platforms.ActiveCfg = Release|iPhone
		{D20DDC99-7D6D-42D6-A670-0B430DF770CD}.Release|Mixed Platforms.Build.0 = Release|iPhone
		{D20DDC99-7D6D-42D6-A670-0B430DF770CD}.Release|x64.ActiveCfg = Release|iPhone
		{D20DDC99-7D6D-42D6-A670-0B430DF770CD}.Release|x86.ActiveCfg = Release|iPhone
	EndGlobalSection
	GlobalSection(SolutionProperties) = preSolution
		HideSolutionNode = FALSE
	EndGlobalSection
EndGlobal
